
Microsoft Visual Studio Solution File, Format Version 12.00
# Visual Studio Version 16
VisualStudioVersion = 16.0.31702.278
MinimumVisualStudioVersion = 10.0.40219.1
Project("{FAE04EC0-301F-11D3-BF4B-00C04F79EFBC}") = "dzvar4srlvl", "dzvar4srlvl\dzvar4srlvl.csproj", "{AA93BC61-07C4-4F81-9373-F9F1819096EC}"
EndProject
Global
	GlobalSection(SolutionConfigurationPlatforms) = preSolution
		Debug|Any CPU = Debug|Any CPU
		Release|Any CPU = Release|Any CPU
	EndGlobalSection
	GlobalSection(ProjectConfigurationPlatforms) = postSolution
		{AA93BC61-07C4-4F81-9373-F9F1819096EC}.Debug|Any CPU.ActiveCfg = Debug|Any CPU
		{AA93BC61-07C4-4F81-9373-F9F1819096EC}.Debug|Any CPU.Build.0 = Debug|Any CPU
		{AA93BC61-07C4-4F81-9373-F9F1819096EC}.Release|Any CPU.ActiveCfg = Release|Any CPU
		{AA93BC61-07C4-4F81-9373-F9F1819096EC}.Release|Any CPU.Build.0 = Release|Any CPU
	EndGlobalSection
	GlobalSection(SolutionProperties) = preSolution
		HideSolutionNode = FALSE
	EndGlobalSection
	GlobalSection(ExtensibilityGlobals) = postSolution
		SolutionGuid = {B40EA080-0D8A-401F-BD66-00174F52076C}
	EndGlobalSection
EndGlobal
